# THIS IS AN AUTOGENERATED FILE. DO NOT EDIT THIS FILE DIRECTLY.
# yarn lockfile v1


"@rails/actiontext@^7.1.3-2":
  version "7.1.3-2"
  resolved "https://registry.yarnpkg.com/@rails/actiontext/-/actiontext-7.1.3-2.tgz#eac549f9e7ca43bd233e2672274b7e83e6a692e1"
  integrity sha512-acUfffH6HeY9tPQiY6eKsUu/QqfrcIMD1edyHalW0hq+l25o4Ff9K//b9wyDWf/BKEIVi7GLNOBhwopRN8wV5Q==
  dependencies:
    "@rails/activestorage" ">= 7.1.0-alpha"

"@rails/activestorage@>= 7.1.0-alpha":
  version "7.1.3"
  resolved "https://registry.yarnpkg.com/@rails/activestorage/-/activestorage-7.1.3.tgz#e83ece6c5fd94b3ddf30a8cf3b8f78cad049e596"
  integrity sha512-B+RFYAU8vdTPFg0IJcRp2ey0Qw9hpcUOqHHcWqftDJ76ZMBi9+m/UUeMJlNsSd0l9eD+1HLlFSo1X//cY4yiDw==
  dependencies:
    spark-md5 "^3.0.1"

"@remirror/core-constants@^2.0.2":
  version "2.0.2"
  resolved "https://registry.yarnpkg.com/@remirror/core-constants/-/core-constants-2.0.2.tgz#f05eccdc69e3a65e7d524b52548f567904a11a1a"
  integrity sha512-dyHY+sMF0ihPus3O27ODd4+agdHMEmuRdyiZJ2CCWjPV5UFmn17ZbElvk6WOGVE4rdCJKZQCrPV2BcikOMLUGQ==

"@tiptap/core@^2.3.0":
  version "2.3.0"
  resolved "https://registry.yarnpkg.com/@tiptap/core/-/core-2.3.0.tgz#5a0b41b63af62860dec6d6b689e2893118f76e83"
  integrity sha512-Gk2JN3i5CMkYGmsbyFI7cBUftWa+F7QYmeCLTWfbuy+hCM2OBsnYVKxhggFPGXRL5KLBEgBWeCeWMHfIw3B2MA==

"@tiptap/extension-blockquote@^2.3.0":
  version "2.3.0"
  resolved "https://registry.yarnpkg.com/@tiptap/extension-blockquote/-/extension-blockquote-2.3.0.tgz#23ce7c706df5a885999a25d9cbbbe12d78754e78"
  integrity sha512-Cztt77t7f+f0fuPy+FWUL8rKTIpcdsVT0z0zYQFFafvGaom0ZALQSOdTR/q+Kle9I4DaCMO3/Q0mwax/D4k4+A==

"@tiptap/extension-bold@^2.3.0":
  version "2.3.0"
  resolved "https://registry.yarnpkg.com/@tiptap/extension-bold/-/extension-bold-2.3.0.tgz#a499d2934bea5578e3a76e065af617caf15f7043"
  integrity sha512-SzkbJibHXFNU7TRaAebTtwbXUEhGZ8+MhlBn12aQ4QhdjNtFpQwKXQPyYeDyZGcyiOFgtFTb+WIfCGm8ZX0Fpw==

"@tiptap/extension-bullet-list@^2.3.0":
  version "2.3.0"
  resolved "https://registry.yarnpkg.com/@tiptap/extension-bullet-list/-/extension-bullet-list-2.3.0.tgz#14400e19b87e7e9b1cf9c6d3900e7243461abc8d"
  integrity sha512-4nU4vJ5FjRDLqHm085vYAkuo68UK84Wl6CDSjm7sPVcu0FvQX02Okqt65azoSYQeS1SSSd5qq9YZuGWcYdp4Cw==

"@tiptap/extension-code-block@^2.3.0":
  version "2.3.0"
  resolved "https://registry.yarnpkg.com/@tiptap/extension-code-block/-/extension-code-block-2.3.0.tgz#9bfaaeaf6abf2452233d1da64b6c5712cab2503b"
  integrity sha512-+Ne6PRBwQt70Pp8aW2PewaEy4bHrNYn4N+y8MObsFtqLutXBz4nXnsXWiNYFQZwzlUY+CHG4XS73mx8oMOFfDw==

"@tiptap/extension-code@^2.3.0":
  version "2.3.0"
  resolved "https://registry.yarnpkg.com/@tiptap/extension-code/-/extension-code-2.3.0.tgz#19b5435c59021f11e24ac8427da4434b03596b35"
  integrity sha512-O2FZmosiIRoVbW82fZy8xW4h4gb2xAzxWzHEcsHPlwCbE3vYvcBMmbkQ5p+33eRtuRQInzl3Q/cwupv9ctIepQ==

"@tiptap/extension-document@^2.3.0":
  version "2.3.0"
  resolved "https://registry.yarnpkg.com/@tiptap/extension-document/-/extension-document-2.3.0.tgz#a15e17a48f6d24f317f73a7fff79385a2524f081"
  integrity sha512-WC55SMrtlsNOnHXpzbXDzJOp7eKmZV0rXooKmvCDqoiLO/DKpyQXyF+0UHfcRPmUAi2GWFPaer7+p1H9xzcjXg==

"@tiptap/extension-dropcursor@^2.3.0":
  version "2.3.0"
  resolved "https://registry.yarnpkg.com/@tiptap/extension-dropcursor/-/extension-dropcursor-2.3.0.tgz#4220434bbf96202d7e4c366f28693fe64c3f7542"
  integrity sha512-WWxxGQPWdbzxyYP6jtBYSq4wMRhINhI0wBC8pgkxTVwCIWftMuYj++FP4LLIpuWgj78PWApuoM0QQxk4Lj7FOw==

"@tiptap/extension-gapcursor@^2.3.0":
  version "2.3.0"
  resolved "https://registry.yarnpkg.com/@tiptap/extension-gapcursor/-/extension-gapcursor-2.3.0.tgz#f7fae7086b5e49c3754ee48833e27c66686fb0cd"
  integrity sha512-OxcXcfD0uzNcXdXu2ZpXFAtXIsgK2MBHvFUs0t0gxtcL/t43pTOQBLy+29Ei30BxpwLghtX8jQ6IDzMiybq/sA==

"@tiptap/extension-hard-break@^2.3.0":
  version "2.3.0"
  resolved "https://registry.yarnpkg.com/@tiptap/extension-hard-break/-/extension-hard-break-2.3.0.tgz#01bd200b3a5f23644e796f061ef7e331b579357f"
  integrity sha512-9pXi69SzLabbjY5KZ54UKzu7HAHTla9aYZKH56VatOAiJOPKJppFbU2/NfJwGzDrEtfOiDqr3dYbUDF3RuCFoQ==

"@tiptap/extension-heading@^2.3.0":
  version "2.3.0"
  resolved "https://registry.yarnpkg.com/@tiptap/extension-heading/-/extension-heading-2.3.0.tgz#4daf92c94797fdd504e798935efd6ca2fbbd73a8"
  integrity sha512-YcZoUYfqb0nohoPgem4f8mjn5OqDomFrbJiC9VRHUOCIuEu+aJEYwp8mmdkLnS3f+LRCZ6G76cJJ50lkzSAZRw==

"@tiptap/extension-history@^2.3.0":
  version "2.3.0"
  resolved "https://registry.yarnpkg.com/@tiptap/extension-history/-/extension-history-2.3.0.tgz#4ecec273a3634704d3accbdcc571106ea575b3d0"
  integrity sha512-EF5Oq9fe/VBzU1Lsow2ubOlx1e1r4OQT1WUPGsRnL7pr94GH1Skpk7/hs9COJ9K6kP3Ebt42XjP0JEQodR58YA==

"@tiptap/extension-horizontal-rule@^2.3.0":
  version "2.3.0"
  resolved "https://registry.yarnpkg.com/@tiptap/extension-horizontal-rule/-/extension-horizontal-rule-2.3.0.tgz#e4934b32c005b1cf0f03fab5f4caff8cacbf4c7e"
  integrity sha512-4DB8GU3uuDzzyqUmONIb3CHXcQ6Nuy4mHHkFSmUyEjg1i5eMQU5H7S6mNvZbltcJB2ImgCSwSMlj1kVN3MLIPg==

"@tiptap/extension-italic@^2.3.0":
  version "2.3.0"
  resolved "https://registry.yarnpkg.com/@tiptap/extension-italic/-/extension-italic-2.3.0.tgz#72279632a2652642abed2078a920e2e05aff030e"
  integrity sha512-jdFjLjdt5JtPlGMpoS6TEq5rznjbAYVlPwcw5VkYENVIYIGIR1ylIw2JwK1nUEsQ+OgYwVxHLejcUXWG1dCi2g==

"@tiptap/extension-list-item@^2.3.0":
  version "2.3.0"
  resolved "https://registry.yarnpkg.com/@tiptap/extension-list-item/-/extension-list-item-2.3.0.tgz#7f0af465c1af160648ace586100ff3f8e612e9bf"
  integrity sha512-mHU+IuRa56OT6YCtxf5Z7OSUrbWdKhGCEX7RTrteDVs5oMB6W3oF9j88M5qQmZ1WDcxvQhAOoXctnMt6eX9zcA==

"@tiptap/extension-ordered-list@^2.3.0":
  version "2.3.0"
  resolved "https://registry.yarnpkg.com/@tiptap/extension-ordered-list/-/extension-ordered-list-2.3.0.tgz#75f7f668201a4cd3ec507c78d2229ec670e3e707"
  integrity sha512-gkf0tltXjlUj0cqyfDV2r7xy9YPKtcVSWwlCPun6OOi0KzKFiAMqQpA9hy2W6gJ+KCp8+KNRMClZOfH4TnnBfg==

"@tiptap/extension-paragraph@^2.3.0":
  version "2.3.0"
  resolved "https://registry.yarnpkg.com/@tiptap/extension-paragraph/-/extension-paragraph-2.3.0.tgz#959928b57785f4647d807fffe76e63719f2e53c4"
  integrity sha512-peCpA7DFqkd0cHb+cHv4YHNoMsXG8tKFNJlCHpLmsZWl2hWmpKgKmUrXAUfzjcFSvkZxn0xYc5oWbqUgg+2LzA==

"@tiptap/extension-strike@^2.3.0":
  version "2.3.0"
  resolved "https://registry.yarnpkg.com/@tiptap/extension-strike/-/extension-strike-2.3.0.tgz#0d5afbda45c1c1ad15487fa48ef41a93b39388f2"
  integrity sha512-gOW4ALeH8gkJiUGGXVy/AOd5lAPTX0bzoOW1+sCLcTA7t8dluBW7M2ngNYxTEtlKqyv7aLfrgsYSiqucmmfSLw==

"@tiptap/extension-text@^2.3.0":
  version "2.3.0"
  resolved "https://registry.yarnpkg.com/@tiptap/extension-text/-/extension-text-2.3.0.tgz#2ebd13dcb4f54b9f72af25fc1015eec474afe89d"
  integrity sha512-zkudl0TyKRy/8vHtyo5dMzjBRD0HEUnsS8YOsjR4xwQq5EYUXleRgM1s6lb6Yms2sLUAZRWdDddoQ686iq4zQg==

"@tiptap/pm@^2.3.0":
  version "2.3.0"
  resolved "https://registry.yarnpkg.com/@tiptap/pm/-/pm-2.3.0.tgz#3f971d5d26401ba0db306f2ee1e317acb8ff6c91"
  integrity sha512-4WYqShZBwDyReKvapC0nmeYdOtZbZ31y4MjolpKQaSD4I7kg/oZspC+byUGdvIRsNpRN7i2X0IyvdISKk8gw5Q==
  dependencies:
    prosemirror-changeset "^2.2.1"
    prosemirror-collab "^1.3.1"
    prosemirror-commands "^1.5.2"
    prosemirror-dropcursor "^1.8.1"
    prosemirror-gapcursor "^1.3.2"
    prosemirror-history "^1.3.2"
    prosemirror-inputrules "^1.3.0"
    prosemirror-keymap "^1.2.2"
    prosemirror-markdown "^1.12.0"
    prosemirror-menu "^1.2.4"
    prosemirror-model "^1.19.4"
    prosemirror-schema-basic "^1.2.2"
    prosemirror-schema-list "^1.3.0"
    prosemirror-state "^1.4.3"
    prosemirror-tables "^1.3.5"
    prosemirror-trailing-node "^2.0.7"
    prosemirror-transform "^1.8.0"
    prosemirror-view "^1.32.7"

"@tiptap/starter-kit@^2.3.0":
  version "2.3.0"
  resolved "https://registry.yarnpkg.com/@tiptap/starter-kit/-/starter-kit-2.3.0.tgz#6a0834a98c0f780e706159dd3f3d70c992a98dd5"
  integrity sha512-TjvCd/hzEnuEYOdr5uQqcfHOMuj7JRoZBPdheupwl3SbuYiCxtcqYyAE5qoGXWwuVe9xVGerOLVPkDUgmyrH6A==
  dependencies:
    "@tiptap/core" "^2.3.0"
    "@tiptap/extension-blockquote" "^2.3.0"
    "@tiptap/extension-bold" "^2.3.0"
    "@tiptap/extension-bullet-list" "^2.3.0"
    "@tiptap/extension-code" "^2.3.0"
    "@tiptap/extension-code-block" "^2.3.0"
    "@tiptap/extension-document" "^2.3.0"
    "@tiptap/extension-dropcursor" "^2.3.0"
    "@tiptap/extension-gapcursor" "^2.3.0"
    "@tiptap/extension-hard-break" "^2.3.0"
    "@tiptap/extension-heading" "^2.3.0"
    "@tiptap/extension-history" "^2.3.0"
    "@tiptap/extension-horizontal-rule" "^2.3.0"
    "@tiptap/extension-italic" "^2.3.0"
    "@tiptap/extension-list-item" "^2.3.0"
    "@tiptap/extension-ordered-list" "^2.3.0"
    "@tiptap/extension-paragraph" "^2.3.0"
    "@tiptap/extension-strike" "^2.3.0"
    "@tiptap/extension-text" "^2.3.0"

argparse@^2.0.1:
  version "2.0.1"
  resolved "https://registry.yarnpkg.com/argparse/-/argparse-2.0.1.tgz#246f50f3ca78a3240f6c997e8a9bd1eac49e4b38"
  integrity sha512-8+9WqebbFzpX9OR+Wa6O29asIogeRMzcGtAINdpMHHyAg10f05aSFVBbcEqGf/PXw1EjAZ+q2/bEBg3DvurK3Q==

crelt@^1.0.0:
  version "1.0.6"
  resolved "https://registry.yarnpkg.com/crelt/-/crelt-1.0.6.tgz#7cc898ea74e190fb6ef9dae57f8f81cf7302df72"
  integrity sha512-VQ2MBenTq1fWZUH9DJNGti7kKv6EeAuYr3cLwxUWhIu1baTaXh4Ib5W2CqHVqib4/MqbYGJqiL3Zb8GJZr3l4g==

entities@^4.4.0:
  version "4.5.0"
  resolved "https://registry.yarnpkg.com/entities/-/entities-4.5.0.tgz#5d268ea5e7113ec74c4d033b79ea5a35a488fb48"
  integrity sha512-V0hjH4dGPh9Ao5p0MoRY6BVqtwCjhz6vI5LT8AJ55H+4g9/4vbHx1I54fS0XuclLhDHArPQCiMjDxjaL8fPxhw==

escape-string-regexp@^4.0.0:
  version "4.0.0"
  resolved "https://registry.yarnpkg.com/escape-string-regexp/-/escape-string-regexp-4.0.0.tgz#14ba83a5d373e3d311e5afca29cf5bfad965bf34"
  integrity sha512-TtpcNJ3XAzx3Gq8sWRzJaVajRs0uVxA2YAkdb1jm2YkPz4G6egUFAyA3n5vtEIZefPk5Wa4UXbKuS5fKkJWdgA==

linkify-it@^5.0.0:
  version "5.0.0"
  resolved "https://registry.yarnpkg.com/linkify-it/-/linkify-it-5.0.0.tgz#9ef238bfa6dc70bd8e7f9572b52d369af569b421"
  integrity sha512-5aHCbzQRADcdP+ATqnDuhhJ/MRIqDkZX5pyjFHRRysS8vZ5AbqGEoFIb6pYHPZ+L/OC2Lc+xT8uHVVR5CAK/wQ==
  dependencies:
    uc.micro "^2.0.0"

markdown-it@^14.0.0:
  version "14.1.0"
  resolved "https://registry.yarnpkg.com/markdown-it/-/markdown-it-14.1.0.tgz#3c3c5992883c633db4714ccb4d7b5935d98b7d45"
  integrity sha512-a54IwgWPaeBCAAsv13YgmALOF1elABB08FxO9i+r4VFk5Vl4pKokRPeX8u5TCgSsPi6ec1otfLjdOpVcgbpshg==
  dependencies:
    argparse "^2.0.1"
    entities "^4.4.0"
    linkify-it "^5.0.0"
    mdurl "^2.0.0"
    punycode.js "^2.3.1"
    uc.micro "^2.1.0"

mdurl@^2.0.0:
  version "2.0.0"
  resolved "https://registry.yarnpkg.com/mdurl/-/mdurl-2.0.0.tgz#80676ec0433025dd3e17ee983d0fe8de5a2237e0"
  integrity sha512-Lf+9+2r+Tdp5wXDXC4PcIBjTDtq4UKjCPMQhKIuzpJNW0b96kVqSwW0bT7FhRSfmAiFYgP+SCRvdrDozfh0U5w==

orderedmap@^2.0.0:
  version "2.1.1"
  resolved "https://registry.yarnpkg.com/orderedmap/-/orderedmap-2.1.1.tgz#61481269c44031c449915497bf5a4ad273c512d2"
  integrity sha512-TvAWxi0nDe1j/rtMcWcIj94+Ffe6n7zhow33h40SKxmsmozs6dz/e+EajymfoFcHd7sxNn8yHM8839uixMOV6g==

prosemirror-changeset@^2.2.1:
  version "2.2.1"
  resolved "https://registry.yarnpkg.com/prosemirror-changeset/-/prosemirror-changeset-2.2.1.tgz#dae94b63aec618fac7bb9061648e6e2a79988383"
  integrity sha512-J7msc6wbxB4ekDFj+n9gTW/jav/p53kdlivvuppHsrZXCaQdVgRghoZbSS3kwrRyAstRVQ4/+u5k7YfLgkkQvQ==
  dependencies:
    prosemirror-transform "^1.0.0"

prosemirror-collab@^1.3.1:
  version "1.3.1"
  resolved "https://registry.yarnpkg.com/prosemirror-collab/-/prosemirror-collab-1.3.1.tgz#0e8c91e76e009b53457eb3b3051fb68dad029a33"
  integrity sha512-4SnynYR9TTYaQVXd/ieUvsVV4PDMBzrq2xPUWutHivDuOshZXqQ5rGbZM84HEaXKbLdItse7weMGOUdDVcLKEQ==
  dependencies:
    prosemirror-state "^1.0.0"

prosemirror-commands@^1.0.0, prosemirror-commands@^1.5.2:
  version "1.5.2"
  resolved "https://registry.yarnpkg.com/prosemirror-commands/-/prosemirror-commands-1.5.2.tgz#e94aeea52286f658cd984270de9b4c3fff580852"
  integrity sha512-hgLcPaakxH8tu6YvVAaILV2tXYsW3rAdDR8WNkeKGcgeMVQg3/TMhPdVoh7iAmfgVjZGtcOSjKiQaoeKjzd2mQ==
  dependencies:
    prosemirror-model "^1.0.0"
    prosemirror-state "^1.0.0"
    prosemirror-transform "^1.0.0"

prosemirror-dropcursor@^1.8.1:
  version "1.8.1"
  resolved "https://registry.yarnpkg.com/prosemirror-dropcursor/-/prosemirror-dropcursor-1.8.1.tgz#49b9fb2f583e0d0f4021ff87db825faa2be2832d"
  integrity sha512-M30WJdJZLyXHi3N8vxN6Zh5O8ZBbQCz0gURTfPmTIBNQ5pxrdU7A58QkNqfa98YEjSAL1HUyyU34f6Pm5xBSGw==
  dependencies:
    prosemirror-state "^1.0.0"
    prosemirror-transform "^1.1.0"
    prosemirror-view "^1.1.0"

prosemirror-gapcursor@^1.3.2:
  version "1.3.2"
  resolved "https://registry.yarnpkg.com/prosemirror-gapcursor/-/prosemirror-gapcursor-1.3.2.tgz#5fa336b83789c6199a7341c9493587e249215cb4"
  integrity sha512-wtjswVBd2vaQRrnYZaBCbyDqr232Ed4p2QPtRIUK5FuqHYKGWkEwl08oQM4Tw7DOR0FsasARV5uJFvMZWxdNxQ==
  dependencies:
    prosemirror-keymap "^1.0.0"
    prosemirror-model "^1.0.0"
    prosemirror-state "^1.0.0"
    prosemirror-view "^1.0.0"

prosemirror-history@^1.0.0, prosemirror-history@^1.3.2:
  version "1.4.0"
  resolved "https://registry.yarnpkg.com/prosemirror-history/-/prosemirror-history-1.4.0.tgz#1edbce630aaf21b808e5a5cd798a09976ecb1827"
  integrity sha512-UUiGzDVcqo1lovOPdi9YxxUps3oBFWAIYkXLu3Ot+JPv1qzVogRbcizxK3LhHmtaUxclohgiOVesRw5QSlMnbQ==
  dependencies:
    prosemirror-state "^1.2.2"
    prosemirror-transform "^1.0.0"
    prosemirror-view "^1.31.0"
    rope-sequence "^1.3.0"

prosemirror-inputrules@^1.3.0:
  version "1.4.0"
  resolved "https://registry.yarnpkg.com/prosemirror-inputrules/-/prosemirror-inputrules-1.4.0.tgz#ef1519bb2cb0d1e0cec74bad1a97f1c1555068bb"
  integrity sha512-6ygpPRuTJ2lcOXs9JkefieMst63wVJBgHZGl5QOytN7oSZs3Co/BYbc3Yx9zm9H37Bxw8kVzCnDsihsVsL4yEg==
  dependencies:
    prosemirror-state "^1.0.0"
    prosemirror-transform "^1.0.0"

prosemirror-keymap@^1.0.0, prosemirror-keymap@^1.1.2, prosemirror-keymap@^1.2.2:
  version "1.2.2"
  resolved "https://registry.yarnpkg.com/prosemirror-keymap/-/prosemirror-keymap-1.2.2.tgz#14a54763a29c7b2704f561088ccf3384d14eb77e"
  integrity sha512-EAlXoksqC6Vbocqc0GtzCruZEzYgrn+iiGnNjsJsH4mrnIGex4qbLdWWNza3AW5W36ZRrlBID0eM6bdKH4OStQ==
  dependencies:
    prosemirror-state "^1.0.0"
    w3c-keyname "^2.2.0"

prosemirror-markdown@^1.12.0:
  version "1.12.0"
  resolved "https://registry.yarnpkg.com/prosemirror-markdown/-/prosemirror-markdown-1.12.0.tgz#d2de09d37897abf7adb6293d925ff132dac5b0a6"
  integrity sha512-6F5HS8Z0HDYiS2VQDZzfZP6A0s/I0gbkJy8NCzzDMtcsz3qrfqyroMMeoSjAmOhDITyon11NbXSzztfKi+frSQ==
  dependencies:
    markdown-it "^14.0.0"
    prosemirror-model "^1.0.0"

prosemirror-menu@^1.2.4:
  version "1.2.4"
  resolved "https://registry.yarnpkg.com/prosemirror-menu/-/prosemirror-menu-1.2.4.tgz#3cfdc7c06d10f9fbd1bce29082c498bd11a0a79a"
  integrity sha512-S/bXlc0ODQup6aiBbWVsX/eM+xJgCTAfMq/nLqaO5ID/am4wS0tTCIkzwytmao7ypEtjj39i7YbJjAgO20mIqA==
  dependencies:
    crelt "^1.0.0"
    prosemirror-commands "^1.0.0"
    prosemirror-history "^1.0.0"
    prosemirror-state "^1.0.0"

prosemirror-model@^1.0.0, prosemirror-model@^1.19.0, prosemirror-model@^1.19.4, prosemirror-model@^1.20.0, prosemirror-model@^1.8.1:
  version "1.20.0"
  resolved "https://registry.yarnpkg.com/prosemirror-model/-/prosemirror-model-1.20.0.tgz#4bdc5221f7a58de9fb35d0919687b7e0c765ad53"
  integrity sha512-q7AY7vMjKYqDCeoedgUiAgrLabliXxndJuuFmcmc2+YU1SblvnOiG2WEACF2lwAZsMlfLpiAilA3L+TWlDqIsQ==
  dependencies:
    orderedmap "^2.0.0"

prosemirror-schema-basic@^1.2.2:
  version "1.2.2"
  resolved "https://registry.yarnpkg.com/prosemirror-schema-basic/-/prosemirror-schema-basic-1.2.2.tgz#6695f5175e4628aab179bf62e5568628b9cfe6c7"
  integrity sha512-/dT4JFEGyO7QnNTe9UaKUhjDXbTNkiWTq/N4VpKaF79bBjSExVV2NXmJpcM7z/gD7mbqNjxbmWW5nf1iNSSGnw==
  dependencies:
    prosemirror-model "^1.19.0"

prosemirror-schema-list@^1.3.0:
  version "1.3.0"
  resolved "https://registry.yarnpkg.com/prosemirror-schema-list/-/prosemirror-schema-list-1.3.0.tgz#05374702cf35a3ba5e7ec31079e355a488d52519"
  integrity sha512-Hz/7gM4skaaYfRPNgr421CU4GSwotmEwBVvJh5ltGiffUJwm7C8GfN/Bc6DR1EKEp5pDKhODmdXXyi9uIsZl5A==
  dependencies:
    prosemirror-model "^1.0.0"
    prosemirror-state "^1.0.0"
    prosemirror-transform "^1.7.3"

prosemirror-state@^1.0.0, prosemirror-state@^1.2.2, prosemirror-state@^1.3.1, prosemirror-state@^1.4.3:
  version "1.4.3"
  resolved "https://registry.yarnpkg.com/prosemirror-state/-/prosemirror-state-1.4.3.tgz#94aecf3ffd54ec37e87aa7179d13508da181a080"
  integrity sha512-goFKORVbvPuAQaXhpbemJFRKJ2aixr+AZMGiquiqKxaucC6hlpHNZHWgz5R7dS4roHiwq9vDctE//CZ++o0W1Q==
  dependencies:
    prosemirror-model "^1.0.0"
    prosemirror-transform "^1.0.0"
    prosemirror-view "^1.27.0"

prosemirror-tables@^1.3.5:
  version "1.3.7"
  resolved "https://registry.yarnpkg.com/prosemirror-tables/-/prosemirror-tables-1.3.7.tgz#9d296bd432d2bc7dca90f14e5c3b5c5f61277f7a"
  integrity sha512-oEwX1wrziuxMtwFvdDWSFHVUWrFJWt929kVVfHvtTi8yvw+5ppxjXZkMG/fuTdFo+3DXyIPSKfid+Be1npKXDA==
  dependencies:
    prosemirror-keymap "^1.1.2"
    prosemirror-model "^1.8.1"
    prosemirror-state "^1.3.1"
    prosemirror-transform "^1.2.1"
    prosemirror-view "^1.13.3"

prosemirror-trailing-node@^2.0.7:
  version "2.0.8"
  resolved "https://registry.yarnpkg.com/prosemirror-trailing-node/-/prosemirror-trailing-node-2.0.8.tgz#233ddcbda72de06f9b5d758d2a65a8cac482ea10"
  integrity sha512-ujRYhSuhQb1Jsarh1IHqb2KoSnRiD7wAMDGucP35DN7j5af6X7B18PfdPIrbwsPTqIAj0fyOvxbuPsWhNvylmA==
  dependencies:
    "@remirror/core-constants" "^2.0.2"
    escape-string-regexp "^4.0.0"

prosemirror-transform@^1.0.0, prosemirror-transform@^1.1.0, prosemirror-transform@^1.2.1, prosemirror-transform@^1.7.3, prosemirror-transform@^1.8.0:
  version "1.8.0"
  resolved "https://registry.yarnpkg.com/prosemirror-transform/-/prosemirror-transform-1.8.0.tgz#a47c64a3c373c1bd0ff46e95be3210c8dda0cd11"
  integrity sha512-BaSBsIMv52F1BVVMvOmp1yzD3u65uC3HTzCBQV1WDPqJRQ2LuHKcyfn0jwqodo8sR9vVzMzZyI+Dal5W9E6a9A==
  dependencies:
    prosemirror-model "^1.0.0"

prosemirror-view@^1.0.0, prosemirror-view@^1.1.0, prosemirror-view@^1.13.3, prosemirror-view@^1.27.0, prosemirror-view@^1.31.0, prosemirror-view@^1.32.7:
  version "1.33.4"
  resolved "https://registry.yarnpkg.com/prosemirror-view/-/prosemirror-view-1.33.4.tgz#ff75e7ea3948f1bc00877e4f19150410f9ab5d52"
  integrity sha512-xQqAhH8/HGleVpKDhQsrd+oqdyeKMxFtdCWDxWMmP+n0k27fBpyUqa8pA+RB5cFY8rqDDc1hll69aRZQa7UaAw==
  dependencies:
    prosemirror-model "^1.20.0"
    prosemirror-state "^1.0.0"
    prosemirror-transform "^1.1.0"

punycode.js@^2.3.1:
  version "2.3.1"
  resolved "https://registry.yarnpkg.com/punycode.js/-/punycode.js-2.3.1.tgz#6b53e56ad75588234e79f4affa90972c7dd8cdb7"
  integrity sha512-uxFIHU0YlHYhDQtV4R9J6a52SLx28BCjT+4ieh7IGbgwVJWO+km431c4yRlREUAsAmt/uMjQUyQHNEPf0M39CA==

rope-sequence@^1.3.0:
  version "1.3.4"
  resolved "https://registry.yarnpkg.com/rope-sequence/-/rope-sequence-1.3.4.tgz#df85711aaecd32f1e756f76e43a415171235d425"
  integrity sha512-UT5EDe2cu2E/6O4igUr5PSFs23nvvukicWHx6GnOPlHAiiYbzNuCRQCuiUdHJQcqKalLKlrYJnjY0ySGsXNQXQ==

spark-md5@^3.0.1:
  version "3.0.2"
  resolved "https://registry.yarnpkg.com/spark-md5/-/spark-md5-3.0.2.tgz#7952c4a30784347abcee73268e473b9c0167e3fc"
  integrity sha512-wcFzz9cDfbuqe0FZzfi2or1sgyIrsDwmPwfZC4hiNidPdPINjeUwNfv5kldczoEAcjl9Y1L3SM7Uz2PUEQzxQw==

trix@^2.1.0:
  version "2.1.0"
  resolved "https://registry.yarnpkg.com/trix/-/trix-2.1.0.tgz#da9daddded6ee0cb2ba5676246bb343e1d45eaab"
  integrity sha512-TPhgGvIjM1VqcfoR/OQQERRlMDuEw7UBIoGroJGuiTmu5yqk5KqR29ZzPgGIoOJgsqoAgxGUCK92+CRJLoO43Q==

uc.micro@^2.0.0, uc.micro@^2.1.0:
  version "2.1.0"
  resolved "https://registry.yarnpkg.com/uc.micro/-/uc.micro-2.1.0.tgz#f8d3f7d0ec4c3dea35a7e3c8efa4cb8b45c9e7ee"
  integrity sha512-ARDJmphmdvUk6Glw7y9DQ2bFkKBHwQHLi2lsaH6PPmz/Ka9sFOBsBluozhDltWmnv9u/cF6Rt87znRTPV+yp/A==

w3c-keyname@^2.2.0:
  version "2.2.8"
  resolved "https://registry.yarnpkg.com/w3c-keyname/-/w3c-keyname-2.2.8.tgz#7b17c8c6883d4e8b86ac8aba79d39e880f8869c5"
  integrity sha512-dpojBhNsCNN7T82Tm7k26A6G9ML3NkhDsnw9n/eoxSRlVBB4CEtIQ/KTCLI2Fwf3ataSXRhYFkQi3SlnFwPvPQ==
